
Microsoft Visual Studio Solution File, Format Version 12.00
# Visual Studio 2012
Project("{FAE04EC0-301F-11D3-BF4B-00C04F79EFBC}") = "Demo", "Demo\Demo.csproj", "{89013D38-7CB1-4BC9-A805-E5B22C9E76B8}"
EndProject
Project("{FAE04EC0-301F-11D3-BF4B-00C04F79EFBC}") = "XWebDriver", "XWebDriver\XWebDriver.csproj", "{1D6AA84E-7D53-4272-9982-5CFB6CE2D147}"
EndProject
Global
	GlobalSection(SolutionConfigurationPlatforms) = preSolution
		Debug|Any CPU = Debug|Any CPU
		Release|Any CPU = Release|Any CPU
	EndGlobalSection
	GlobalSection(ProjectConfigurationPlatforms) = postSolution
		{89013D38-7CB1-4BC9-A805-E5B22C9E76B8}.Debug|Any CPU.ActiveCfg = Debug|Any CPU
		{89013D38-7CB1-4BC9-A805-E5B22C9E76B8}.Debug|Any CPU.Build.0 = Debug|Any CPU
		{89013D38-7CB1-4BC9-A805-E5B22C9E76B8}.Release|Any CPU.ActiveCfg = Release|Any CPU
		{89013D38-7CB1-4BC9-A805-E5B22C9E76B8}.Release|Any CPU.Build.0 = Release|Any CPU
		{1D6AA84E-7D53-4272-9982-5CFB6CE2D147}.Debug|Any CPU.ActiveCfg = Debug|Any CPU
		{1D6AA84E-7D53-4272-9982-5CFB6CE2D147}.Debug|Any CPU.Build.0 = Debug|Any CPU
		{1D6AA84E-7D53-4272-9982-5CFB6CE2D147}.Release|Any CPU.ActiveCfg = Release|Any CPU
		{1D6AA84E-7D53-4272-9982-5CFB6CE2D147}.Release|Any CPU.Build.0 = Release|Any CPU
	EndGlobalSection
	GlobalSection(SolutionProperties) = preSolution
		HideSolutionNode = FALSE
	EndGlobalSection
EndGlobal
